Microsoft Visual Studio Solution File, Format Version 12.00
# Visual Studio 15
VisualStudioVersion = 15.0.26430.12
MinimumVisualStudioVersion = 10.0.40219.1
Project("{FAE04EC0-301F-11D3-BF4B-00C04F79EFBC}") = "Lynx.Core", "Lynx.Core\Lynx.Core.csproj", "{43906ED3-CA63-4825-A1FD-5ACAD813C269}"
EndProject
Project("{FAE04EC0-301F-11D3-BF4B-00C04F79EFBC}") = "Lynx.Droid", "Lynx.Droid\Lynx.Droid.csproj", "{70C203DB-EF1C-4A11-A1CB-043B7571F9D1}"
EndProject
Project("{FAE04EC0-301F-11D3-BF4B-00C04F79EFBC}") = "Lynx.Droid.UITests", "Lynx.Droid.UITests\Lynx.Droid.UITests.csproj", "{D87DB3CC-EFEB-46DB-ABC2-85D7B9BDBFB8}"
EndProject
Project("{FAE04EC0-301F-11D3-BF4B-00C04F79EFBC}") = "CoreUnitTests", "CoreUnitTests\CoreUnitTests.csproj", "{50539743-7393-4686-B27B-E52B0B9DB8ED}"
EndProject
Project("{FAE04EC0-301F-11D3-BF4B-00C04F79EFBC}") = "eVi.abi.lib.pcl", "..\eVi.abi.lib.pcl\eVi.abi.lib.pcl\eVi.abi.lib.pcl.csproj", "{D53272C3-3EC1-41CC-871D-A435B146678D}"
EndProject
Global
	GlobalSection(SolutionConfigurationPlatforms) = preSolution
		Debug|Any CPU = Debug|Any CPU
		Debug|iPhone = Debug|iPhone
		Debug|iPhoneSimulator = Debug|iPhoneSimulator
		Release|Any CPU = Release|Any CPU
		Release|iPhone = Release|iPhone
		Release|iPhoneSimulator = Release|iPhoneSimulator
	EndGlobalSection
	GlobalSection(ProjectConfigurationPlatforms) = postSolution
		{43906ED3-CA63-4825-A1FD-5ACAD813C269}.Debug|Any CPU.ActiveCfg = Debug|Any CPU
		{43906ED3-CA63-4825-A1FD-5ACAD813C269}.Debug|Any CPU.Build.0 = Debug|Any CPU
		{43906ED3-CA63-4825-A1FD-5ACAD813C269}.Debug|iPhone.ActiveCfg = Debug|Any CPU
		{43906ED3-CA63-4825-A1FD-5ACAD813C269}.Debug|iPhone.Build.0 = Debug|Any CPU
		{43906ED3-CA63-4825-A1FD-5ACAD813C269}.Debug|iPhoneSimulator.ActiveCfg = Debug|Any CPU
		{43906ED3-CA63-4825-A1FD-5ACAD813C269}.Debug|iPhoneSimulator.Build.0 = Debug|Any CPU
		{43906ED3-CA63-4825-A1FD-5ACAD813C269}.Release|Any CPU.ActiveCfg = Release|Any CPU
		{43906ED3-CA63-4825-A1FD-5ACAD813C269}.Release|Any CPU.Build.0 = Release|Any CPU
		{43906ED3-CA63-4825-A1FD-5ACAD813C269}.Release|iPhone.ActiveCfg = Release|Any CPU
		{43906ED3-CA63-4825-A1FD-5ACAD813C269}.Release|iPhone.Build.0 = Release|Any CPU
		{43906ED3-CA63-4825-A1FD-5ACAD813C269}.Release|iPhoneSimulator.ActiveCfg = Release|Any CPU
		{43906ED3-CA63-4825-A1FD-5ACAD813C269}.Release|iPhoneSimulator.Build.0 = Release|Any CPU
		{70C203DB-EF1C-4A11-A1CB-043B7571F9D1}.Debug|Any CPU.ActiveCfg = Debug|Any CPU
		{70C203DB-EF1C-4A11-A1CB-043B7571F9D1}.Debug|Any CPU.Build.0 = Debug|Any CPU
		{70C203DB-EF1C-4A11-A1CB-043B7571F9D1}.Debug|iPhone.ActiveCfg = Debug|Any CPU
		{70C203DB-EF1C-4A11-A1CB-043B7571F9D1}.Debug|iPhone.Build.0 = Debug|Any CPU
		{70C203DB-EF1C-4A11-A1CB-043B7571F9D1}.Debug|iPhoneSimulator.ActiveCfg = Debug|Any CPU
		{70C203DB-EF1C-4A11-A1CB-043B7571F9D1}.Debug|iPhoneSimulator.Build.0 = Debug|Any CPU
		{70C203DB-EF1C-4A11-A1CB-043B7571F9D1}.Release|Any CPU.ActiveCfg = Release|Any CPU
		{70C203DB-EF1C-4A11-A1CB-043B7571F9D1}.Release|Any CPU.Build.0 = Release|Any CPU
		{70C203DB-EF1C-4A11-A1CB-043B7571F9D1}.Release|iPhone.ActiveCfg = Release|Any CPU
		{70C203DB-EF1C-4A11-A1CB-043B7571F9D1}.Release|iPhone.Build.0 = Release|Any CPU
		{70C203DB-EF1C-4A11-A1CB-043B7571F9D1}.Release|iPhoneSimulator.ActiveCfg = Release|Any CPU
		{70C203DB-EF1C-4A11-A1CB-043B7571F9D1}.Release|iPhoneSimulator.Build.0 = Release|Any CPU
		{D87DB3CC-EFEB-46DB-ABC2-85D7B9BDBFB8}.Debug|Any CPU.ActiveCfg = Debug|Any CPU
		{D87DB3CC-EFEB-46DB-ABC2-85D7B9BDBFB8}.Debug|Any CPU.Build.0 = Debug|Any CPU
		{D87DB3CC-EFEB-46DB-ABC2-85D7B9BDBFB8}.Debug|iPhone.ActiveCfg = Debug|Any CPU
		{D87DB3CC-EFEB-46DB-ABC2-85D7B9BDBFB8}.Debug|iPhone.Build.0 = Debug|Any CPU
		{D87DB3CC-EFEB-46DB-ABC2-85D7B9BDBFB8}.Debug|iPhoneSimulator.ActiveCfg = Debug|Any CPU
		{D87DB3CC-EFEB-46DB-ABC2-85D7B9BDBFB8}.Debug|iPhoneSimulator.Build.0 = Debug|Any CPU
		{D87DB3CC-EFEB-46DB-ABC2-85D7B9BDBFB8}.Release|Any CPU.ActiveCfg = Release|Any CPU
		{D87DB3CC-EFEB-46DB-ABC2-85D7B9BDBFB8}.Release|Any CPU.Build.0 = Release|Any CPU
		{D87DB3CC-EFEB-46DB-ABC2-85D7B9BDBFB8}.Release|iPhone.ActiveCfg = Release|Any CPU
		{D87DB3CC-EFEB-46DB-ABC2-85D7B9BDBFB8}.Release|iPhone.Build.0 = Release|Any CPU
		{D87DB3CC-EFEB-46DB-ABC2-85D7B9BDBFB8}.Release|iPhoneSimulator.ActiveCfg = Release|Any CPU
		{D87DB3CC-EFEB-46DB-ABC2-85D7B9BDBFB8}.Release|iPhoneSimulator.Build.0 = Release|Any CPU
		{50539743-7393-4686-B27B-E52B0B9DB8ED}.Debug|Any CPU.ActiveCfg = Debug|Any CPU
		{50539743-7393-4686-B27B-E52B0B9DB8ED}.Debug|Any CPU.Build.0 = Debug|Any CPU
		{50539743-7393-4686-B27B-E52B0B9DB8ED}.Debug|iPhone.ActiveCfg = Debug|Any CPU
		{50539743-7393-4686-B27B-E52B0B9DB8ED}.Debug|iPhone.Build.0 = Debug|Any CPU
		{50539743-7393-4686-B27B-E52B0B9DB8ED}.Debug|iPhoneSimulator.ActiveCfg = Debug|Any CPU
		{50539743-7393-4686-B27B-E52B0B9DB8ED}.Debug|iPhoneSimulator.Build.0 = Debug|Any CPU
		{50539743-7393-4686-B27B-E52B0B9DB8ED}.Release|Any CPU.ActiveCfg = Release|Any CPU
		{50539743-7393-4686-B27B-E52B0B9DB8ED}.Release|Any CPU.Build.0 = Release|Any CPU
		{50539743-7393-4686-B27B-E52B0B9DB8ED}.Release|iPhone.ActiveCfg = Release|Any CPU
		{50539743-7393-4686-B27B-E52B0B9DB8ED}.Release|iPhone.Build.0 = Release|Any CPU
		{50539743-7393-4686-B27B-E52B0B9DB8ED}.Release|iPhoneSimulator.ActiveCfg = Release|Any CPU
		{50539743-7393-4686-B27B-E52B0B9DB8ED}.Release|iPhoneSimulator.Build.0 = Release|Any CPU
		{D53272C3-3EC1-41CC-871D-A435B146678D}.Debug|Any CPU.ActiveCfg = Debug|Any CPU
		{D53272C3-3EC1-41CC-871D-A435B146678D}.Debug|Any CPU.Build.0 = Debug|Any CPU
		{D53272C3-3EC1-41CC-871D-A435B146678D}.Debug|iPhone.ActiveCfg = Debug|Any CPU
		{D53272C3-3EC1-41CC-871D-A435B146678D}.Debug|iPhone.Build.0 = Debug|Any CPU
		{D53272C3-3EC1-41CC-871D-A435B146678D}.Debug|iPhoneSimulator.ActiveCfg = Debug|Any CPU
		{D53272C3-3EC1-41CC-871D-A435B146678D}.Debug|iPhoneSimulator.Build.0 = Debug|Any CPU
		{D53272C3-3EC1-41CC-871D-A435B146678D}.Release|Any CPU.ActiveCfg = Release|Any CPU
		{D53272C3-3EC1-41CC-871D-A435B146678D}.Release|Any CPU.Build.0 = Release|Any CPU
		{D53272C3-3EC1-41CC-871D-A435B146678D}.Release|iPhone.ActiveCfg = Release|Any CPU
		{D53272C3-3EC1-41CC-871D-A435B146678D}.Release|iPhone.Build.0 = Release|Any CPU
		{D53272C3-3EC1-41CC-871D-A435B146678D}.Release|iPhoneSimulator.ActiveCfg = Release|Any CPU
		{D53272C3-3EC1-41CC-871D-A435B146678D}.Release|iPhoneSimulator.Build.0 = Release|Any CPU
	EndGlobalSection
	GlobalSection(SolutionProperties) = preSolution
		HideSolutionNode = FALSE
	EndGlobalSection
EndGlobal
