Microsoft Visual Studio Solution File, Format Version 12.00
# Visual Studio 15
VisualStudioVersion = 15.0.26430.14
MinimumVisualStudioVersion = 10.0.40219.1
Project("{FAE04EC0-301F-11D3-BF4B-00C04F79EFBC}") = "Lynx.Droid", "Lynx.Droid\Lynx.Droid.csproj", "{70C203DB-EF1C-4A11-A1CB-043B7571F9D1}"
EndProject
Project("{FAE04EC0-301F-11D3-BF4B-00C04F79EFBC}") = "Lynx.Droid.UITests", "Lynx.Droid.UITests\Lynx.Droid.UITests.csproj", "{D87DB3CC-EFEB-46DB-ABC2-85D7B9BDBFB8}"
EndProject
Project("{FAE04EC0-301F-11D3-BF4B-00C04F79EFBC}") = "CoreUnitTests.DroidRunner", "CoreUnitTests.DroidRunner\CoreUnitTests.DroidRunner.csproj", "{3B217723-1EEB-40F0-A53D-31ED26567318}"
EndProject
Project("{FAE04EC0-301F-11D3-BF4B-00C04F79EFBC}") = "Lynx.API", "Lynx.API\Lynx.API.csproj", "{5ED85DE8-F7FA-4423-8AB0-A15781B6F10D}"
EndProject
Project("{FAE04EC0-301F-11D3-BF4B-00C04F79EFBC}") = "Lynx.Core", "Lynx.CoreStandard\Lynx.Core.csproj", "{FFCE422E-7B59-42E1-A7C6-429D891641AF}"
EndProject
Project("{FAE04EC0-301F-11D3-BF4B-00C04F79EFBC}") = "evi.abi.lib.netstandard", "..\eVi.abi.lib.pcl\evi.abi.lib.netstandard\evi.abi.lib.netstandard.csproj", "{ADB0BB5A-375F-46BA-9655-B11C15B86257}"
EndProject
Project("{FAE04EC0-301F-11D3-BF4B-00C04F79EFBC}") = "CoreUnitTests.NetStandardLib", "CoreUnitTests.NetStandardLib\CoreUnitTests.NetStandardLib.csproj", "{094CA405-5667-4A9B-98B1-6C9B3EA3672E}"
EndProject
Global
	GlobalSection(SolutionConfigurationPlatforms) = preSolution
		Debug|Any CPU = Debug|Any CPU
		Debug|iPhone = Debug|iPhone
		Debug|iPhoneSimulator = Debug|iPhoneSimulator
		Release|Any CPU = Release|Any CPU
		Release|iPhone = Release|iPhone
		Release|iPhoneSimulator = Release|iPhoneSimulator
	EndGlobalSection
	GlobalSection(ProjectConfigurationPlatforms) = postSolution
		{70C203DB-EF1C-4A11-A1CB-043B7571F9D1}.Debug|Any CPU.ActiveCfg = Debug|Any CPU
		{70C203DB-EF1C-4A11-A1CB-043B7571F9D1}.Debug|Any CPU.Build.0 = Debug|Any CPU
		{70C203DB-EF1C-4A11-A1CB-043B7571F9D1}.Debug|Any CPU.Deploy.0 = Debug|Any CPU
		{70C203DB-EF1C-4A11-A1CB-043B7571F9D1}.Debug|iPhone.ActiveCfg = Debug|Any CPU
		{70C203DB-EF1C-4A11-A1CB-043B7571F9D1}.Debug|iPhone.Build.0 = Debug|Any CPU
		{70C203DB-EF1C-4A11-A1CB-043B7571F9D1}.Debug|iPhoneSimulator.ActiveCfg = Debug|Any CPU
		{70C203DB-EF1C-4A11-A1CB-043B7571F9D1}.Debug|iPhoneSimulator.Build.0 = Debug|Any CPU
		{70C203DB-EF1C-4A11-A1CB-043B7571F9D1}.Release|Any CPU.ActiveCfg = Release|Any CPU
		{70C203DB-EF1C-4A11-A1CB-043B7571F9D1}.Release|Any CPU.Build.0 = Release|Any CPU
		{70C203DB-EF1C-4A11-A1CB-043B7571F9D1}.Release|iPhone.ActiveCfg = Release|Any CPU
		{70C203DB-EF1C-4A11-A1CB-043B7571F9D1}.Release|iPhone.Build.0 = Release|Any CPU
		{70C203DB-EF1C-4A11-A1CB-043B7571F9D1}.Release|iPhoneSimulator.ActiveCfg = Release|Any CPU
		{70C203DB-EF1C-4A11-A1CB-043B7571F9D1}.Release|iPhoneSimulator.Build.0 = Release|Any CPU
		{D87DB3CC-EFEB-46DB-ABC2-85D7B9BDBFB8}.Debug|Any CPU.ActiveCfg = Debug|Any CPU
		{D87DB3CC-EFEB-46DB-ABC2-85D7B9BDBFB8}.Debug|Any CPU.Build.0 = Debug|Any CPU
		{D87DB3CC-EFEB-46DB-ABC2-85D7B9BDBFB8}.Debug|iPhone.ActiveCfg = Debug|Any CPU
		{D87DB3CC-EFEB-46DB-ABC2-85D7B9BDBFB8}.Debug|iPhone.Build.0 = Debug|Any CPU
		{D87DB3CC-EFEB-46DB-ABC2-85D7B9BDBFB8}.Debug|iPhoneSimulator.ActiveCfg = Debug|Any CPU
		{D87DB3CC-EFEB-46DB-ABC2-85D7B9BDBFB8}.Debug|iPhoneSimulator.Build.0 = Debug|Any CPU
		{D87DB3CC-EFEB-46DB-ABC2-85D7B9BDBFB8}.Release|Any CPU.ActiveCfg = Release|Any CPU
		{D87DB3CC-EFEB-46DB-ABC2-85D7B9BDBFB8}.Release|Any CPU.Build.0 = Release|Any CPU
		{D87DB3CC-EFEB-46DB-ABC2-85D7B9BDBFB8}.Release|iPhone.ActiveCfg = Release|Any CPU
		{D87DB3CC-EFEB-46DB-ABC2-85D7B9BDBFB8}.Release|iPhone.Build.0 = Release|Any CPU
		{D87DB3CC-EFEB-46DB-ABC2-85D7B9BDBFB8}.Release|iPhoneSimulator.ActiveCfg = Release|Any CPU
		{D87DB3CC-EFEB-46DB-ABC2-85D7B9BDBFB8}.Release|iPhoneSimulator.Build.0 = Release|Any CPU
		{3B217723-1EEB-40F0-A53D-31ED26567318}.Debug|Any CPU.ActiveCfg = Debug|Any CPU
		{3B217723-1EEB-40F0-A53D-31ED26567318}.Debug|Any CPU.Build.0 = Debug|Any CPU
		{3B217723-1EEB-40F0-A53D-31ED26567318}.Debug|Any CPU.Deploy.0 = Debug|Any CPU
		{3B217723-1EEB-40F0-A53D-31ED26567318}.Debug|iPhone.ActiveCfg = Debug|Any CPU
		{3B217723-1EEB-40F0-A53D-31ED26567318}.Debug|iPhone.Build.0 = Debug|Any CPU
		{3B217723-1EEB-40F0-A53D-31ED26567318}.Debug|iPhoneSimulator.ActiveCfg = Debug|Any CPU
		{3B217723-1EEB-40F0-A53D-31ED26567318}.Debug|iPhoneSimulator.Build.0 = Debug|Any CPU
		{3B217723-1EEB-40F0-A53D-31ED26567318}.Release|Any CPU.ActiveCfg = Release|Any CPU
		{3B217723-1EEB-40F0-A53D-31ED26567318}.Release|Any CPU.Build.0 = Release|Any CPU
		{3B217723-1EEB-40F0-A53D-31ED26567318}.Release|iPhone.ActiveCfg = Release|Any CPU
		{3B217723-1EEB-40F0-A53D-31ED26567318}.Release|iPhone.Build.0 = Release|Any CPU
		{3B217723-1EEB-40F0-A53D-31ED26567318}.Release|iPhoneSimulator.ActiveCfg = Release|Any CPU
		{3B217723-1EEB-40F0-A53D-31ED26567318}.Release|iPhoneSimulator.Build.0 = Release|Any CPU
		{5ED85DE8-F7FA-4423-8AB0-A15781B6F10D}.Debug|Any CPU.ActiveCfg = Debug|Any CPU
		{5ED85DE8-F7FA-4423-8AB0-A15781B6F10D}.Debug|Any CPU.Build.0 = Debug|Any CPU
		{5ED85DE8-F7FA-4423-8AB0-A15781B6F10D}.Debug|iPhone.ActiveCfg = Debug|Any CPU
		{5ED85DE8-F7FA-4423-8AB0-A15781B6F10D}.Debug|iPhone.Build.0 = Debug|Any CPU
		{5ED85DE8-F7FA-4423-8AB0-A15781B6F10D}.Debug|iPhoneSimulator.ActiveCfg = Debug|Any CPU
		{5ED85DE8-F7FA-4423-8AB0-A15781B6F10D}.Debug|iPhoneSimulator.Build.0 = Debug|Any CPU
		{5ED85DE8-F7FA-4423-8AB0-A15781B6F10D}.Release|Any CPU.ActiveCfg = Release|Any CPU
		{5ED85DE8-F7FA-4423-8AB0-A15781B6F10D}.Release|Any CPU.Build.0 = Release|Any CPU
		{5ED85DE8-F7FA-4423-8AB0-A15781B6F10D}.Release|iPhone.ActiveCfg = Release|Any CPU
		{5ED85DE8-F7FA-4423-8AB0-A15781B6F10D}.Release|iPhone.Build.0 = Release|Any CPU
		{5ED85DE8-F7FA-4423-8AB0-A15781B6F10D}.Release|iPhoneSimulator.ActiveCfg = Release|Any CPU
		{5ED85DE8-F7FA-4423-8AB0-A15781B6F10D}.Release|iPhoneSimulator.Build.0 = Release|Any CPU
		{FFCE422E-7B59-42E1-A7C6-429D891641AF}.Debug|Any CPU.ActiveCfg = Debug|Any CPU
		{FFCE422E-7B59-42E1-A7C6-429D891641AF}.Debug|Any CPU.Build.0 = Debug|Any CPU
		{FFCE422E-7B59-42E1-A7C6-429D891641AF}.Debug|iPhone.ActiveCfg = Debug|Any CPU
		{FFCE422E-7B59-42E1-A7C6-429D891641AF}.Debug|iPhone.Build.0 = Debug|Any CPU
		{FFCE422E-7B59-42E1-A7C6-429D891641AF}.Debug|iPhoneSimulator.ActiveCfg = Debug|Any CPU
		{FFCE422E-7B59-42E1-A7C6-429D891641AF}.Debug|iPhoneSimulator.Build.0 = Debug|Any CPU
		{FFCE422E-7B59-42E1-A7C6-429D891641AF}.Release|Any CPU.ActiveCfg = Release|Any CPU
		{FFCE422E-7B59-42E1-A7C6-429D891641AF}.Release|Any CPU.Build.0 = Release|Any CPU
		{FFCE422E-7B59-42E1-A7C6-429D891641AF}.Release|iPhone.ActiveCfg = Release|Any CPU
		{FFCE422E-7B59-42E1-A7C6-429D891641AF}.Release|iPhone.Build.0 = Release|Any CPU
		{FFCE422E-7B59-42E1-A7C6-429D891641AF}.Release|iPhoneSimulator.ActiveCfg = Release|Any CPU
		{FFCE422E-7B59-42E1-A7C6-429D891641AF}.Release|iPhoneSimulator.Build.0 = Release|Any CPU
		{ADB0BB5A-375F-46BA-9655-B11C15B86257}.Debug|Any CPU.ActiveCfg = Debug|Any CPU
		{ADB0BB5A-375F-46BA-9655-B11C15B86257}.Debug|Any CPU.Build.0 = Debug|Any CPU
		{ADB0BB5A-375F-46BA-9655-B11C15B86257}.Debug|iPhone.ActiveCfg = Debug|Any CPU
		{ADB0BB5A-375F-46BA-9655-B11C15B86257}.Debug|iPhone.Build.0 = Debug|Any CPU
		{ADB0BB5A-375F-46BA-9655-B11C15B86257}.Debug|iPhoneSimulator.ActiveCfg = Debug|Any CPU
		{ADB0BB5A-375F-46BA-9655-B11C15B86257}.Debug|iPhoneSimulator.Build.0 = Debug|Any CPU
		{ADB0BB5A-375F-46BA-9655-B11C15B86257}.Release|Any CPU.ActiveCfg = Release|Any CPU
		{ADB0BB5A-375F-46BA-9655-B11C15B86257}.Release|Any CPU.Build.0 = Release|Any CPU
		{ADB0BB5A-375F-46BA-9655-B11C15B86257}.Release|iPhone.ActiveCfg = Release|Any CPU
		{ADB0BB5A-375F-46BA-9655-B11C15B86257}.Release|iPhone.Build.0 = Release|Any CPU
		{ADB0BB5A-375F-46BA-9655-B11C15B86257}.Release|iPhoneSimulator.ActiveCfg = Release|Any CPU
		{ADB0BB5A-375F-46BA-9655-B11C15B86257}.Release|iPhoneSimulator.Build.0 = Release|Any CPU
		{094CA405-5667-4A9B-98B1-6C9B3EA3672E}.Debug|Any CPU.ActiveCfg = Debug|Any CPU
		{094CA405-5667-4A9B-98B1-6C9B3EA3672E}.Debug|Any CPU.Build.0 = Debug|Any CPU
		{094CA405-5667-4A9B-98B1-6C9B3EA3672E}.Debug|iPhone.ActiveCfg = Debug|Any CPU
		{094CA405-5667-4A9B-98B1-6C9B3EA3672E}.Debug|iPhone.Build.0 = Debug|Any CPU
		{094CA405-5667-4A9B-98B1-6C9B3EA3672E}.Debug|iPhoneSimulator.ActiveCfg = Debug|Any CPU
		{094CA405-5667-4A9B-98B1-6C9B3EA3672E}.Debug|iPhoneSimulator.Build.0 = Debug|Any CPU
		{094CA405-5667-4A9B-98B1-6C9B3EA3672E}.Release|Any CPU.ActiveCfg = Release|Any CPU
		{094CA405-5667-4A9B-98B1-6C9B3EA3672E}.Release|Any CPU.Build.0 = Release|Any CPU
		{094CA405-5667-4A9B-98B1-6C9B3EA3672E}.Release|iPhone.ActiveCfg = Release|Any CPU
		{094CA405-5667-4A9B-98B1-6C9B3EA3672E}.Release|iPhone.Build.0 = Release|Any CPU
		{094CA405-5667-4A9B-98B1-6C9B3EA3672E}.Release|iPhoneSimulator.ActiveCfg = Release|Any CPU
		{094CA405-5667-4A9B-98B1-6C9B3EA3672E}.Release|iPhoneSimulator.Build.0 = Release|Any CPU
	EndGlobalSection
	GlobalSection(SolutionProperties) = preSolution
		HideSolutionNode = FALSE
	EndGlobalSection
EndGlobal
